github.com/vlad-a-barbu/mapreduce v0.0.0-20211228133650-785c520ad239 h1:uJwr8KBbpdklpqkXhbNc68qZz2hIAKJA0UZ4oe9k+fE=
github.com/vlad-a-barbu/mapreduce v0.0.0-20211228133650-785c520ad239/go.mod h1:93QwKIzKuKcbRO89CmEKQmmWAqV3wSN57KdTq5VdDCU=
github.com/vlad-a-barbu/mapreduce v0.0.0-20211229225558-b387c637fbc1 h1:/kc8Q4hD1zTUoRiKATPV1tgeqmTd/dpasDHZLeqCic4=
github.com/vlad-a-barbu/mapreduce v0.0.0-20211229225558-b387c637fbc1/go.mod h1:93QwKIzKuKcbRO89CmEKQmmWAqV3wSN57KdTq5VdDCU=
